<Solution>
  <Project Path="PG.Shared.Editor.csproj" />
  <Project Path="PG.Shared.csproj" />
  <Project Path="PG.RoadConstructor.csproj" />
  <Project Path="AssetUsageDetector.Editor.csproj" />
  <Project Path="Assembly-CSharp.csproj" />
  <Project Path="PG.Shared.Construction.csproj" />
  <Project Path="PG.Shared.Construction.Editor.csproj" />
  <Project Path="Assembly-CSharp-Editor.csproj" />
  <Project Path="PG.RoadConstructor.Editor.csproj" />
</Solution>
